// !$*UTF8*$!
{
	archiveVersion = 1;
	classes = {
	};
	objectVersion = 56;
	objects = {

/* Begin PBXBuildFile section */
		4A3F873F29C26706005BD430 /* Question.swift in Sources */ = {isa = PBXBuildFile; fileRef = 4A3F873E29C26706005BD430 /* Question.swift */; };
		4A3F874429C2681B005BD430 /* QuizHandler.swift in Sources */ = {isa = PBXBuildFile; fileRef = 4A3F874329C2681B005BD430 /* QuizHandler.swift */; };
		4A3F874629C268FA005BD430 /* MissEmojiHandler.swift in Sources */ = {isa = PBXBuildFile; fileRef = 4A3F874529C268FA005BD430 /* MissEmojiHandler.swift */; };
		4A3F874829C26BB8005BD430 /* MissTime.swift in Sources */ = {isa = PBXBuildFile; fileRef = 4A3F874729C26BB8005BD430 /* MissTime.swift */; };
		4A3F874A29C280DC005BD430 /* QuizViewController.swift in Sources */ = {isa = PBXBuildFile; fileRef = 4A3F874929C280DC005BD430 /* QuizViewController.swift */; };
		4A3F874E29C2851B005BD430 /* QuizStoryboard.storyboard in Resources */ = {isa = PBXBuildFile; fileRef = 4A3F874D29C2851B005BD430 /* QuizStoryboard.storyboard */; };
		4A3F875229C2857E005BD430 /* MenuTableViewController.swift in Sources */ = {isa = PBXBuildFile; fileRef = 4A3F875129C2857E005BD430 /* MenuTableViewController.swift */; };
		4A3F875329C29089005BD430 /* Main.storyboard in Resources */ = {isa = PBXBuildFile; fileRef = 4A3F875529C29089005BD430 /* Main.storyboard */; };
		4A3F875829C29110005BD430 /* MissStoryboard.storyboard in Resources */ = {isa = PBXBuildFile; fileRef = 4A3F875729C29110005BD430 /* MissStoryboard.storyboard */; };
		4AC2D06A29B7B2F500E6DD35 /* AppDelegate.swift in Sources */ = {isa = PBXBuildFile; fileRef = 4AC2D06929B7B2F500E6DD35 /* AppDelegate.swift */; };
		4AC2D06C29B7B2F500E6DD35 /* SceneDelegate.swift in Sources */ = {isa = PBXBuildFile; fileRef = 4AC2D06B29B7B2F500E6DD35 /* SceneDelegate.swift */; };
		4AC2D06E29B7B2F500E6DD35 /* MissViewController.swift in Sources */ = {isa = PBXBuildFile; fileRef = 4AC2D06D29B7B2F500E6DD35 /* MissViewController.swift */; };
		4AC2D07329B7B2F500E6DD35 /* Assets.xcassets in Resources */ = {isa = PBXBuildFile; fileRef = 4AC2D07229B7B2F500E6DD35 /* Assets.xcassets */; };
/* End PBXBuildFile section */

/* Begin PBXFileReference section */
		4A3F873E29C26706005BD430 /* Question.swift */ = {isa = PBXFileReference; lastKnownFileType = sourcecode.swift; path = Question.swift; sourceTree = "<group>"; };
		4A3F874329C2681B005BD430 /* QuizHandler.swift */ = {isa = PBXFileReference; lastKnownFileType = sourcecode.swift; path = QuizHandler.swift; sourceTree = "<group>"; };
		4A3F874529C268FA005BD430 /* MissEmojiHandler.swift */ = {isa = PBXFileReference; lastKnownFileType = sourcecode.swift; path = MissEmojiHandler.swift; sourceTree = "<group>"; };
		4A3F874729C26BB8005BD430 /* MissTime.swift */ = {isa = PBXFileReference; lastKnownFileType = sourcecode.swift; path = MissTime.swift; sourceTree = "<group>"; };
		4A3F874929C280DC005BD430 /* QuizViewController.swift */ = {isa = PBXFileReference; lastKnownFileType = sourcecode.swift; path = QuizViewController.swift; sourceTree = "<group>"; };
		4A3F874D29C2851B005BD430 /* QuizStoryboard.storyboard */ = {isa = PBXFileReference; lastKnownFileType = file.storyboard; path = QuizStoryboard.storyboard; sourceTree = "<group>"; };
		4A3F875129C2857E005BD430 /* MenuTableViewController.swift */ = {isa = PBXFileReference; lastKnownFileType = sourcecode.swift; path = MenuTableViewController.swift; sourceTree = "<group>"; };
		4A3F875429C29089005BD430 /* Base */ = {isa = PBXFileReference; lastKnownFileType = file.storyboard; name = Base; path = Base.lproj/Main.storyboard; sourceTree = "<group>"; };
		4A3F875729C29110005BD430 /* MissStoryboard.storyboard */ = {isa = PBXFileReference; fileEncoding = 4; lastKnownFileType = file.storyboard; path = MissStoryboard.storyboard; sourceTree = "<group>"; };
		4AC2D06629B7B2F500E6DD35 /* how-much-did-u-miss-me.app */ = {isa = PBXFileReference; explicitFileType = wrapper.application; includeInIndex = 0; path = "how-much-did-u-miss-me.app"; sourceTree = BUILT_PRODUCTS_DIR; };
		4AC2D06929B7B2F500E6DD35 /* AppDelegate.swift */ = {isa = PBXFileReference; lastKnownFileType = sourcecode.swift; path = AppDelegate.swift; sourceTree = "<group>"; };
		4AC2D06B29B7B2F500E6DD35 /* SceneDelegate.swift */ = {isa = PBXFileReference; lastKnownFileType = sourcecode.swift; path = SceneDelegate.swift; sourceTree = "<group>"; };
		4AC2D06D29B7B2F500E6DD35 /* MissViewController.swift */ = {isa = PBXFileReference; lastKnownFileType = sourcecode.swift; path = MissViewController.swift; sourceTree = "<group>"; };
		4AC2D07229B7B2F500E6DD35 /* Assets.xcassets */ = {isa = PBXFileReference; lastKnownFileType = folder.assetcatalog; path = Assets.xcassets; sourceTree = "<group>"; };
		4AC2D07729B7B2F500E6DD35 /* Info.plist */ = {isa = PBXFileReference; lastKnownFileType = text.plist.xml; path = Info.plist; sourceTree = "<group>"; };
/* End PBXFileReference section */

/* Begin PBXFrameworksBuildPhase section */
		4AC2D06329B7B2F500E6DD35 /* Frameworks */ = {
			isa = PBXFrameworksBuildPhase;
			buildActionMask = 2147483647;
			files = (
			);
			runOnlyForDeploymentPostprocessing = 0;
		};
/* End PBXFrameworksBuildPhase section */

/* Begin PBXGroup section */
		4A3F874029C26788005BD430 /* Model */ = {
			isa = PBXGroup;
			children = (
				4A3F874B29C281B5005BD430 /* Quiz */,
				4A3F874C29C281EF005BD430 /* Miss */,
			);
			path = Model;
			sourceTree = "<group>";
		};
		4A3F874129C2679E005BD430 /* View */ = {
			isa = PBXGroup;
			children = (
				4A3F875729C29110005BD430 /* MissStoryboard.storyboard */,
				4A3F874D29C2851B005BD430 /* QuizStoryboard.storyboard */,
				4A3F875529C29089005BD430 /* Main.storyboard */,
			);
			path = View;
			sourceTree = "<group>";
		};
		4A3F874229C267A5005BD430 /* Controller */ = {
			isa = PBXGroup;
			children = (
				4A3F874929C280DC005BD430 /* QuizViewController.swift */,
				4AC2D06D29B7B2F500E6DD35 /* MissViewController.swift */,
				4A3F875129C2857E005BD430 /* MenuTableViewController.swift */,
			);
			path = Controller;
			sourceTree = "<group>";
		};
		4A3F874B29C281B5005BD430 /* Quiz */ = {
			isa = PBXGroup;
			children = (
				4A3F873E29C26706005BD430 /* Question.swift */,
				4A3F874329C2681B005BD430 /* QuizHandler.swift */,
			);
			path = Quiz;
			sourceTree = "<group>";
		};
		4A3F874C29C281EF005BD430 /* Miss */ = {
			isa = PBXGroup;
			children = (
				4A3F874529C268FA005BD430 /* MissEmojiHandler.swift */,
				4A3F874729C26BB8005BD430 /* MissTime.swift */,
			);
			path = Miss;
			sourceTree = "<group>";
		};
		4AC2D05D29B7B2F500E6DD35 = {
			isa = PBXGroup;
			children = (
				4AC2D06829B7B2F500E6DD35 /* how-much-did-u-miss-me */,
				4AC2D06729B7B2F500E6DD35 /* Products */,
			);
			sourceTree = "<group>";
		};
		4AC2D06729B7B2F500E6DD35 /* Products */ = {
			isa = PBXGroup;
			children = (
				4AC2D06629B7B2F500E6DD35 /* how-much-did-u-miss-me.app */,
			);
			name = Products;
			sourceTree = "<group>";
		};
		4AC2D06829B7B2F500E6DD35 /* how-much-did-u-miss-me */ = {
			isa = PBXGroup;
			children = (
				4A3F874029C26788005BD430 /* Model */,
				4A3F874129C2679E005BD430 /* View */,
				4A3F874229C267A5005BD430 /* Controller */,
				4AC2D06929B7B2F500E6DD35 /* AppDelegate.swift */,
				4AC2D06B29B7B2F500E6DD35 /* SceneDelegate.swift */,
				4AC2D07229B7B2F500E6DD35 /* Assets.xcassets */,
				4AC2D07729B7B2F500E6DD35 /* Info.plist */,
			);
			path = "how-much-did-u-miss-me";
			sourceTree = "<group>";
		};
/* End PBXGroup section */

/* Begin PBXNativeTarget section */
		4AC2D06529B7B2F500E6DD35 /* how-much-did-u-miss-me */ = {
			isa = PBXNativeTarget;
			buildConfigurationList = 4AC2D07A29B7B2F500E6DD35 /* Build configuration list for PBXNativeTarget "how-much-did-u-miss-me" */;
			buildPhases = (
				4AC2D06229B7B2F500E6DD35 /* Sources */,
				4AC2D06329B7B2F500E6DD35 /* Frameworks */,
				4AC2D06429B7B2F500E6DD35 /* Resources */,
			);
			buildRules = (
			);
			dependencies = (
			);
			name = "how-much-did-u-miss-me";
			productName = "how-much-did-u-miss-me";
			productReference = 4AC2D06629B7B2F500E6DD35 /* how-much-did-u-miss-me.app */;
			productType = "com.apple.product-type.application";
		};
/* End PBXNativeTarget section */

/* Begin PBXProject section */
		4AC2D05E29B7B2F500E6DD35 /* Project object */ = {
			isa = PBXProject;
			attributes = {
				BuildIndependentTargetsInParallel = 1;
				LastSwiftUpdateCheck = 1420;
				LastUpgradeCheck = 1420;
				TargetAttributes = {
					4AC2D06529B7B2F500E6DD35 = {
						CreatedOnToolsVersion = 14.2;
					};
				};
			};
			buildConfigurationList = 4AC2D06129B7B2F500E6DD35 /* Build configuration list for PBXProject "how-much-did-u-miss-me" */;
			compatibilityVersion = "Xcode 14.0";
			developmentRegion = en;
			hasScannedForEncodings = 0;
			knownRegions = (
				en,
				Base,
			);
			mainGroup = 4AC2D05D29B7B2F500E6DD35;
			productRefGroup = 4AC2D06729B7B2F500E6DD35 /* Products */;
			projectDirPath = "";
			projectRoot = "";
			targets = (
				4AC2D06529B7B2F500E6DD35 /* how-much-did-u-miss-me */,
			);
		};
/* End PBXProject section */

/* Begin PBXResourcesBuildPhase section */
		4AC2D06429B7B2F500E6DD35 /* Resources */ = {
			isa = PBXResourcesBuildPhase;
			buildActionMask = 2147483647;
			files = (
				4AC2D07329B7B2F500E6DD35 /* Assets.xcassets in Resources */,
				4A3F875829C29110005BD430 /* MissStoryboard.storyboard in Resources */,
				4A3F874E29C2851B005BD430 /* QuizStoryboard.storyboard in Resources */,
				4A3F875329C29089005BD430 /* Main.storyboard in Resources */,
			);
			runOnlyForDeploymentPostprocessing = 0;
		};
/* End PBXResourcesBuildPhase section */

/* Begin PBXSourcesBuildPhase section */
		4AC2D06229B7B2F500E6DD35 /* Sources */ = {
			isa = PBXSourcesBuildPhase;
			buildActionMask = 2147483647;
			files = (
				4A3F874429C2681B005BD430 /* QuizHandler.swift in Sources */,
				4AC2D06E29B7B2F500E6DD35 /* MissViewController.swift in Sources */,
				4A3F874829C26BB8005BD430 /* MissTime.swift in Sources */,
				4A3F874A29C280DC005BD430 /* QuizViewController.swift in Sources */,
				4A3F873F29C26706005BD430 /* Question.swift in Sources */,
				4A3F875229C2857E005BD430 /* MenuTableViewController.swift in Sources */,
				4A3F874629C268FA005BD430 /* MissEmojiHandler.swift in Sources */,
				4AC2D06A29B7B2F500E6DD35 /* AppDelegate.swift in Sources */,
				4AC2D06C29B7B2F500E6DD35 /* SceneDelegate.swift in Sources */,
			);
			runOnlyForDeploymentPostprocessing = 0;
		};
/* End PBXSourcesBuildPhase section */

/* Begin PBXVariantGroup section */
		4A3F875529C29089005BD430 /* Main.storyboard */ = {
			isa = PBXVariantGroup;
			children = (
				4A3F875429C29089005BD430 /* Base */,
			);
			name = Main.storyboard;
			sourceTree = "<group>";
		};
/* End PBXVariantGroup section */

/* Begin XCBuildConfiguration section */
		4AC2D07829B7B2F500E6DD35 /* Debug */ = {
			isa = XCBuildConfiguration;
			buildSettings = {
				ALWAYS_SEARCH_USER_PATHS = NO;
				CLANG_ANALYZER_NONNULL = YES;
				CLANG_ANALYZER_NUMBER_OBJECT_CONVERSION = YES_AGGRESSIVE;
				CLANG_CXX_LANGUAGE_STANDARD = "gnu++20";
				CLANG_ENABLE_MODULES = YES;
				CLANG_ENABLE_OBJC_ARC = YES;
				CLANG_ENABLE_OBJC_WEAK = YES;
				CLANG_WARN_BLOCK_CAPTURE_AUTORELEASING = YES;
				CLANG_WARN_BOOL_CONVERSION = YES;
				CLANG_WARN_COMMA = YES;
				CLANG_WARN_CONSTANT_CONVERSION = YES;
				CLANG_WARN_DEPRECATED_OBJC_IMPLEMENTATIONS = YES;
				CLANG_WARN_DIRECT_OBJC_ISA_USAGE = YES_ERROR;
				CLANG_WARN_DOCUMENTATION_COMMENTS = YES;
				CLANG_WARN_EMPTY_BODY = YES;
				CLANG_WARN_ENUM_CONVERSION = YES;
				CLANG_WARN_INFINITE_RECURSION = YES;
				CLANG_WARN_INT_CONVERSION = YES;
				CLANG_WARN_NON_LITERAL_NULL_CONVERSION = YES;
				CLANG_WARN_OBJC_IMPLICIT_RETAIN_SELF = YES;
				CLANG_WARN_OBJC_LITERAL_CONVERSION = YES;
				CLANG_WARN_OBJC_ROOT_CLASS = YES_ERROR;
				CLANG_WARN_QUOTED_INCLUDE_IN_FRAMEWORK_HEADER = YES;
				CLANG_WARN_RANGE_LOOP_ANALYSIS = YES;
				CLANG_WARN_STRICT_PROTOTYPES = YES;
				CLANG_WARN_SUSPICIOUS_MOVE = YES;
				CLANG_WARN_UNGUARDED_AVAILABILITY = YES_AGGRESSIVE;
				CLANG_WARN_UNREACHABLE_CODE = YES;
				CLANG_WARN__DUPLICATE_METHOD_MATCH = YES;
				COPY_PHASE_STRIP = NO;
				DEBUG_INFORMATION_FORMAT = dwarf;
				ENABLE_STRICT_OBJC_MSGSEND = YES;
				ENABLE_TESTABILITY = YES;
				GCC_C_LANGUAGE_STANDARD = gnu11;
				GCC_DYNAMIC_NO_PIC = NO;
				GCC_NO_COMMON_BLOCKS = YES;
				GCC_OPTIMIZATION_LEVEL = 0;
				GCC_PREPROCESSOR_DEFINITIONS = (
					"DEBUG=1",
					"$(inherited)",
				);
				GCC_WARN_64_TO_32_BIT_CONVERSION = YES;
				GCC_WARN_ABOUT_RETURN_TYPE = YES_ERROR;
				GCC_WARN_UNDECLARED_SELECTOR = YES;
				GCC_WARN_UNINITIALIZED_AUTOS = YES_AGGRESSIVE;
				GCC_WARN_UNUSED_FUNCTION = YES;
				GCC_WARN_UNUSED_VARIABLE = YES;
				IPHONEOS_DEPLOYMENT_TARGET = 16.2;
				MTL_ENABLE_DEBUG_INFO = INCLUDE_SOURCE;
				MTL_FAST_MATH = YES;
				ONLY_ACTIVE_ARCH = YES;
				SDKROOT = iphoneos;
				SWIFT_ACTIVE_COMPILATION_CONDITIONS = DEBUG;
				SWIFT_OPTIMIZATION_LEVEL = "-Onone";
			};
			name = Debug;
		};
		4AC2D07929B7B2F500E6DD35 /* Release */ = {
			isa = XCBuildConfiguration;
			buildSettings = {
				ALWAYS_SEARCH_USER_PATHS = NO;
				CLANG_ANALYZER_NONNULL = YES;
				CLANG_ANALYZER_NUMBER_OBJECT_CONVERSION = YES_AGGRESSIVE;
				CLANG_CXX_LANGUAGE_STANDARD = "gnu++20";
				CLANG_ENABLE_MODULES = YES;
				CLANG_ENABLE_OBJC_ARC = YES;
				CLANG_ENABLE_OBJC_WEAK = YES;
				CLANG_WARN_BLOCK_CAPTURE_AUTORELEASING = YES;
				CLANG_WARN_BOOL_CONVERSION = YES;
				CLANG_WARN_COMMA = YES;
				CLANG_WARN_CONSTANT_CONVERSION = YES;
				CLANG_WARN_DEPRECATED_OBJC_IMPLEMENTATIONS = YES;
				CLANG_WARN_DIRECT_OBJC_ISA_USAGE = YES_ERROR;
				CLANG_WARN_DOCUMENTATION_COMMENTS = YES;
				CLANG_WARN_EMPTY_BODY = YES;
				CLANG_WARN_ENUM_CONVERSION = YES;
				CLANG_WARN_INFINITE_RECURSION = YES;
				CLANG_WARN_INT_CONVERSION = YES;
				CLANG_WARN_NON_LITERAL_NULL_CONVERSION = YES;
				CLANG_WARN_OBJC_IMPLICIT_RETAIN_SELF = YES;
				CLANG_WARN_OBJC_LITERAL_CONVERSION = YES;
				CLANG_WARN_OBJC_ROOT_CLASS = YES_ERROR;
				CLANG_WARN_QUOTED_INCLUDE_IN_FRAMEWORK_HEADER = YES;
				CLANG_WARN_RANGE_LOOP_ANALYSIS = YES;
				CLANG_WARN_STRICT_PROTOTYPES = YES;
				CLANG_WARN_SUSPICIOUS_MOVE = YES;
				CLANG_WARN_UNGUARDED_AVAILABILITY = YES_AGGRESSIVE;
				CLANG_WARN_UNREACHABLE_CODE = YES;
				CLANG_WARN__DUPLICATE_METHOD_MATCH = YES;
				COPY_PHASE_STRIP = NO;
				DEBUG_INFORMATION_FORMAT = "dwarf-with-dsym";
				ENABLE_NS_ASSERTIONS = NO;
				ENABLE_STRICT_OBJC_MSGSEND = YES;
				GCC_C_LANGUAGE_STANDARD = gnu11;
				GCC_NO_COMMON_BLOCKS = YES;
				GCC_WARN_64_TO_32_BIT_CONVERSION = YES;
				GCC_WARN_ABOUT_RETURN_TYPE = YES_ERROR;
				GCC_WARN_UNDECLARED_SELECTOR = YES;
				GCC_WARN_UNINITIALIZED_AUTOS = YES_AGGRESSIVE;
				GCC_WARN_UNUSED_FUNCTION = YES;
				GCC_WARN_UNUSED_VARIABLE = YES;
				IPHONEOS_DEPLOYMENT_TARGET = 16.2;
				MTL_ENABLE_DEBUG_INFO = NO;
				MTL_FAST_MATH = YES;
				SDKROOT = iphoneos;
				SWIFT_COMPILATION_MODE = wholemodule;
				SWIFT_OPTIMIZATION_LEVEL = "-O";
				VALIDATE_PRODUCT = YES;
			};
			name = Release;
		};
		4AC2D07B29B7B2F500E6DD35 /* Debug */ = {
			isa = XCBuildConfiguration;
			buildSettings = {
				ASSETCATALOG_COMPILER_APPICON_NAME = AppIcon;
				ASSETCATALOG_COMPILER_GLOBAL_ACCENT_COLOR_NAME = AccentColor;
				CODE_SIGN_STYLE = Automatic;
				CURRENT_PROJECT_VERSION = 1;
				DEVELOPMENT_TEAM = GZS742E348;
				GENERATE_INFOPLIST_FILE = YES;
				INFOPLIST_FILE = "how-much-did-u-miss-me/Info.plist";
				INFOPLIST_KEY_CFBundleDisplayName = Lover;
				INFOPLIST_KEY_LSApplicationCategoryType = "public.app-category.lifestyle";
				INFOPLIST_KEY_UIApplicationSupportsIndirectInputEvents = NO;
				INFOPLIST_KEY_UILaunchStoryboardName = "Launch Screen.storyboard";
				INFOPLIST_KEY_UIMainStoryboardFile = Main;
				INFOPLIST_KEY_UISupportedInterfaceOrientations = UIInterfaceOrientationPortrait;
				IPHONEOS_DEPLOYMENT_TARGET = 15.0;
				LD_RUNPATH_SEARCH_PATHS = (
					"$(inherited)",
					"@executable_path/Frameworks",
				);
				MARKETING_VERSION = 1.0;
				PRODUCT_BUNDLE_IDENTIFIER = "com.harungokcegoz.how-much-did-u-miss-me";
				PRODUCT_NAME = "$(TARGET_NAME)";
				SUPPORTED_PLATFORMS = "iphoneos iphonesimulator";
				SUPPORTS_MACCATALYST = NO;
				SUPPORTS_MAC_DESIGNED_FOR_IPHONE_IPAD = NO;
				SWIFT_EMIT_LOC_STRINGS = YES;
				SWIFT_VERSION = 5.0;
				TARGETED_DEVICE_FAMILY = 1;
			};
			name = Debug;
		};
		4AC2D07C29B7B2F500E6DD35 /* Release */ = {
			isa = XCBuildConfiguration;
			buildSettings = {
				ASSETCATALOG_COMPILER_APPICON_NAME = AppIcon;
				ASSETCATALOG_COMPILER_GLOBAL_ACCENT_COLOR_NAME = AccentColor;
				CODE_SIGN_STYLE = Automatic;
				CURRENT_PROJECT_VERSION = 1;
				DEVELOPMENT_TEAM = GZS742E348;
				GENERATE_INFOPLIST_FILE = YES;
				INFOPLIST_FILE = "how-much-did-u-miss-me/Info.plist";
				INFOPLIST_KEY_CFBundleDisplayName = Lover;
				INFOPLIST_KEY_LSApplicationCategoryType = "public.app-category.lifestyle";
				INFOPLIST_KEY_UIApplicationSupportsIndirectInputEvents = NO;
				INFOPLIST_KEY_UILaunchStoryboardName = "Launch Screen.storyboard";
				INFOPLIST_KEY_UIMainStoryboardFile = Main;
				INFOPLIST_KEY_UISupportedInterfaceOrientations = UIInterfaceOrientationPortrait;
				IPHONEOS_DEPLOYMENT_TARGET = 15.0;
				LD_RUNPATH_SEARCH_PATHS = (
					"$(inherited)",
					"@executable_path/Frameworks",
				);
				MARKETING_VERSION = 1.0;
				PRODUCT_BUNDLE_IDENTIFIER = "com.harungokcegoz.how-much-did-u-miss-me";
				PRODUCT_NAME = "$(TARGET_NAME)";
				SUPPORTED_PLATFORMS = "iphoneos iphonesimulator";
				SUPPORTS_MACCATALYST = NO;
				SUPPORTS_MAC_DESIGNED_FOR_IPHONE_IPAD = NO;
				SWIFT_EMIT_LOC_STRINGS = YES;
				SWIFT_VERSION = 5.0;
				TARGETED_DEVICE_FAMILY = 1;
			};
			name = Release;
		};
/* End XCBuildConfiguration section */

/* Begin XCConfigurationList section */
		4AC2D06129B7B2F500E6DD35 /* Build configuration list for PBXProject "how-much-did-u-miss-me" */ = {
			isa = XCConfigurationList;
			buildConfigurations = (
				4AC2D07829B7B2F500E6DD35 /* Debug */,
				4AC2D07929B7B2F500E6DD35 /* Release */,
			);
			defaultConfigurationIsVisible = 0;
			defaultConfigurationName = Release;
		};
		4AC2D07A29B7B2F500E6DD35 /* Build configuration list for PBXNativeTarget "how-much-did-u-miss-me" */ = {
			isa = XCConfigurationList;
			buildConfigurations = (
				4AC2D07B29B7B2F500E6DD35 /* Debug */,
				4AC2D07C29B7B2F500E6DD35 /* Release */,
			);
			defaultConfigurationIsVisible = 0;
			defaultConfigurationName = Release;
		};
/* End XCConfigurationList section */
	};
	rootObject = 4AC2D05E29B7B2F500E6DD35 /* Project object */;
}
